// !$*UTF8*$!
{
	archiveVersion = 1;
	classes = {
	};
	objectVersion = 50;
	objects = {

/* Begin PBXBuildFile section */
		141EF6A1244E33A500B1CBD2 /* CountFormatter.swift in Sources */ = {isa = PBXBuildFile; fileRef = 141EF6A0244E33A500B1CBD2 /* CountFormatter.swift */; };
		141EF6E22453A2D100B1CBD2 /* UITableView+Diff.swift in Sources */ = {isa = PBXBuildFile; fileRef = 141EF6DD2453A2D000B1CBD2 /* UITableView+Diff.swift */; };
		141EF6E32453A2D100B1CBD2 /* Collection+Section.swift in Sources */ = {isa = PBXBuildFile; fileRef = 141EF6DE2453A2D000B1CBD2 /* Collection+Section.swift */; };
		141EF6E42453A2D100B1CBD2 /* Diff.swift in Sources */ = {isa = PBXBuildFile; fileRef = 141EF6DF2453A2D000B1CBD2 /* Diff.swift */; };
		141EF6E52453A2D100B1CBD2 /* Collection+Diff.swift in Sources */ = {isa = PBXBuildFile; fileRef = 141EF6E02453A2D000B1CBD2 /* Collection+Diff.swift */; };
		1463333B23D65A26009B58D0 /* TextView.swift in Sources */ = {isa = PBXBuildFile; fileRef = 1463333A23D65A26009B58D0 /* TextView.swift */; };
		1463333E23D65A69009B58D0 /* TextField.swift in Sources */ = {isa = PBXBuildFile; fileRef = 1463333D23D65A69009B58D0 /* TextField.swift */; };
		1463334123D65DBA009B58D0 /* SeparatorView.swift in Sources */ = {isa = PBXBuildFile; fileRef = 1463334023D65DBA009B58D0 /* SeparatorView.swift */; };
		1463334323D65DFD009B58D0 /* SeparatorView.xib in Resources */ = {isa = PBXBuildFile; fileRef = 1463334223D65DFD009B58D0 /* SeparatorView.xib */; };
		1463334623D65E8D009B58D0 /* NibView.swift in Sources */ = {isa = PBXBuildFile; fileRef = 1463334523D65E8D009B58D0 /* NibView.swift */; };
		1463334923D65F18009B58D0 /* GradientType.swift in Sources */ = {isa = PBXBuildFile; fileRef = 1463334823D65F18009B58D0 /* GradientType.swift */; };
		1463334C23D65F2B009B58D0 /* GradientDirection.swift in Sources */ = {isa = PBXBuildFile; fileRef = 1463334B23D65F2B009B58D0 /* GradientDirection.swift */; };
		1463334E23D65F37009B58D0 /* Gradient.swift in Sources */ = {isa = PBXBuildFile; fileRef = 1463334D23D65F37009B58D0 /* Gradient.swift */; };
		1463335023D65F45009B58D0 /* GradientView.swift in Sources */ = {isa = PBXBuildFile; fileRef = 1463334F23D65F45009B58D0 /* GradientView.swift */; };
		1463335323D65FCF009B58D0 /* CharacterView.swift in Sources */ = {isa = PBXBuildFile; fileRef = 1463335223D65FCF009B58D0 /* CharacterView.swift */; };
		1463335523D65FE6009B58D0 /* CharacterView.xib in Resources */ = {isa = PBXBuildFile; fileRef = 1463335423D65FE6009B58D0 /* CharacterView.xib */; };
		1463335723D66021009B58D0 /* CodeTextField.swift in Sources */ = {isa = PBXBuildFile; fileRef = 1463335623D66021009B58D0 /* CodeTextField.swift */; };
		1463335923D66048009B58D0 /* CodeTextField.xib in Resources */ = {isa = PBXBuildFile; fileRef = 1463335823D66048009B58D0 /* CodeTextField.xib */; };
		1463335C23D66096009B58D0 /* KeyboardController.swift in Sources */ = {isa = PBXBuildFile; fileRef = 1463335B23D66096009B58D0 /* KeyboardController.swift */; };
		1463335E23D660C9009B58D0 /* IBDrawable.swift in Sources */ = {isa = PBXBuildFile; fileRef = 1463335D23D660C9009B58D0 /* IBDrawable.swift */; };
		1463336023D66122009B58D0 /* Section.swift in Sources */ = {isa = PBXBuildFile; fileRef = 1463335F23D66122009B58D0 /* Section.swift */; };
		1463336323D6615D009B58D0 /* CGRect+Offsets.swift in Sources */ = {isa = PBXBuildFile; fileRef = 1463336223D6615D009B58D0 /* CGRect+Offsets.swift */; };
		1463336523D661C9009B58D0 /* Array+Hex.swift in Sources */ = {isa = PBXBuildFile; fileRef = 1463336423D661C9009B58D0 /* Array+Hex.swift */; };
		1463336723D661E5009B58D0 /* Array+Unique.swift in Sources */ = {isa = PBXBuildFile; fileRef = 1463336623D661E5009B58D0 /* Array+Unique.swift */; };
		1463336923D66211009B58D0 /* CharacterSet+Sets.swift in Sources */ = {isa = PBXBuildFile; fileRef = 1463336823D66210009B58D0 /* CharacterSet+Sets.swift */; };
		1463336B23D66235009B58D0 /* Data+Hash.swift in Sources */ = {isa = PBXBuildFile; fileRef = 1463336A23D66235009B58D0 /* Data+Hash.swift */; };
		1463336D23D66251009B58D0 /* NSAttributedString+Attachment.swift in Sources */ = {isa = PBXBuildFile; fileRef = 1463336C23D66251009B58D0 /* NSAttributedString+Attachment.swift */; };
		1463336F23D66271009B58D0 /* String+Separated.swift in Sources */ = {isa = PBXBuildFile; fileRef = 1463336E23D66271009B58D0 /* String+Separated.swift */; };
		1463337F23D662B7009B58D0 /* UITableView+Dequeue.swift in Sources */ = {isa = PBXBuildFile; fileRef = 1463337023D662B6009B58D0 /* UITableView+Dequeue.swift */; };
		1463338023D662B7009B58D0 /* UIView+Shadow.swift in Sources */ = {isa = PBXBuildFile; fileRef = 1463337123D662B6009B58D0 /* UIView+Shadow.swift */; };
		1463338123D662B7009B58D0 /* UIColor+Hex.swift in Sources */ = {isa = PBXBuildFile; fileRef = 1463337223D662B6009B58D0 /* UIColor+Hex.swift */; };
		1463338223D662B8009B58D0 /* UIImage+Blur.swift in Sources */ = {isa = PBXBuildFile; fileRef = 1463337323D662B6009B58D0 /* UIImage+Blur.swift */; };
		1463338323D662B8009B58D0 /* UIImage+Resize.swift in Sources */ = {isa = PBXBuildFile; fileRef = 1463337423D662B6009B58D0 /* UIImage+Resize.swift */; };
		1463338423D662B8009B58D0 /* UIView+Round.swift in Sources */ = {isa = PBXBuildFile; fileRef = 1463337523D662B6009B58D0 /* UIView+Round.swift */; };
		1463338523D662B8009B58D0 /* UINavigationItem+BackTitle.swift in Sources */ = {isa = PBXBuildFile; fileRef = 1463337623D662B6009B58D0 /* UINavigationItem+BackTitle.swift */; };
		1463338623D662B8009B58D0 /* UIImage+Color.swift in Sources */ = {isa = PBXBuildFile; fileRef = 1463337723D662B6009B58D0 /* UIImage+Color.swift */; };
		1463338723D662B8009B58D0 /* UICollectionView+Dequeue.swift in Sources */ = {isa = PBXBuildFile; fileRef = 1463337823D662B7009B58D0 /* UICollectionView+Dequeue.swift */; };
		1463338823D662B8009B58D0 /* UITableView+Register.swift in Sources */ = {isa = PBXBuildFile; fileRef = 1463337923D662B7009B58D0 /* UITableView+Register.swift */; };
		1463338923D662B8009B58D0 /* UIView+Border.swift in Sources */ = {isa = PBXBuildFile; fileRef = 1463337A23D662B7009B58D0 /* UIView+Border.swift */; };
		1463338A23D662B8009B58D0 /* UIImage+TintColor.swift in Sources */ = {isa = PBXBuildFile; fileRef = 1463337B23D662B7009B58D0 /* UIImage+TintColor.swift */; };
		1463338B23D662B8009B58D0 /* UICollectionView+Register.swift in Sources */ = {isa = PBXBuildFile; fileRef = 1463337C23D662B7009B58D0 /* UICollectionView+Register.swift */; };
		1463338C23D662B8009B58D0 /* UITextView+NumberOfLines.swift in Sources */ = {isa = PBXBuildFile; fileRef = 1463337D23D662B7009B58D0 /* UITextView+NumberOfLines.swift */; };
		1463338D23D662B8009B58D0 /* UIView+Capture.swift in Sources */ = {isa = PBXBuildFile; fileRef = 1463337E23D662B7009B58D0 /* UIView+Capture.swift */; };
		146333A223D6643B009B58D0 /* Kindable.swift in Sources */ = {isa = PBXBuildFile; fileRef = 146333A123D6643B009B58D0 /* Kindable.swift */; };
		14DA938A23C80E24009ABFD5 /* Extend.h in Headers */ = {isa = PBXBuildFile; fileRef = 14DA938823C80E24009ABFD5 /* Extend.h */; settings = {ATTRIBUTES = (Public, ); }; };
		14DA93D223CD3DA9009ABFD5 /* Reusable.swift in Sources */ = {isa = PBXBuildFile; fileRef = 14DA93D123CD3DA9009ABFD5 /* Reusable.swift */; };
		14DA93D823CD3E93009ABFD5 /* NSObject+ClassName.swift in Sources */ = {isa = PBXBuildFile; fileRef = 14DA93D723CD3E93009ABFD5 /* NSObject+ClassName.swift */; };
		14DA93DA23CD3EFE009ABFD5 /* String+Regex.swift in Sources */ = {isa = PBXBuildFile; fileRef = 14DA93D923CD3EFE009ABFD5 /* String+Regex.swift */; };
		14DA93DC23CD4434009ABFD5 /* NibRepresentable.swift in Sources */ = {isa = PBXBuildFile; fileRef = 14DA93DB23CD4434009ABFD5 /* NibRepresentable.swift */; };
		14DA93DE23CD452E009ABFD5 /* NibLoadable.swift in Sources */ = {isa = PBXBuildFile; fileRef = 14DA93DD23CD452E009ABFD5 /* NibLoadable.swift */; };
		14DA93E023CD46EA009ABFD5 /* NibReusable.swift in Sources */ = {isa = PBXBuildFile; fileRef = 14DA93DF23CD46EA009ABFD5 /* NibReusable.swift */; };
		14DA93E223CD4854009ABFD5 /* Then.swift in Sources */ = {isa = PBXBuildFile; fileRef = 14DA93E123CD4854009ABFD5 /* Then.swift */; };
		14DA93E423CD48D6009ABFD5 /* ClosureAction.swift in Sources */ = {isa = PBXBuildFile; fileRef = 14DA93E323CD48D6009ABFD5 /* ClosureAction.swift */; };
/* End PBXBuildFile section */

/* Begin PBXFileReference section */
		141EF6A0244E33A500B1CBD2 /* CountFormatter.swift */ = {isa = PBXFileReference; lastKnownFileType = sourcecode.swift; path = CountFormatter.swift; sourceTree = "<group>"; };
		141EF6DD2453A2D000B1CBD2 /* UITableView+Diff.swift */ = {isa = PBXFileReference; fileEncoding = 4; lastKnownFileType = sourcecode.swift; path = "UITableView+Diff.swift"; sourceTree = "<group>"; };
		141EF6DE2453A2D000B1CBD2 /* Collection+Section.swift */ = {isa = PBXFileReference; fileEncoding = 4; lastKnownFileType = sourcecode.swift; path = "Collection+Section.swift"; sourceTree = "<group>"; };
		141EF6DF2453A2D000B1CBD2 /* Diff.swift */ = {isa = PBXFileReference; fileEncoding = 4; lastKnownFileType = sourcecode.swift; path = Diff.swift; sourceTree = "<group>"; };
		141EF6E02453A2D000B1CBD2 /* Collection+Diff.swift */ = {isa = PBXFileReference; fileEncoding = 4; lastKnownFileType = sourcecode.swift; path = "Collection+Diff.swift"; sourceTree = "<group>"; };
		1463333A23D65A26009B58D0 /* TextView.swift */ = {isa = PBXFileReference; lastKnownFileType = sourcecode.swift; path = TextView.swift; sourceTree = "<group>"; };
		1463333D23D65A69009B58D0 /* TextField.swift */ = {isa = PBXFileReference; lastKnownFileType = sourcecode.swift; path = TextField.swift; sourceTree = "<group>"; };
		1463334023D65DBA009B58D0 /* SeparatorView.swift */ = {isa = PBXFileReference; lastKnownFileType = sourcecode.swift; path = SeparatorView.swift; sourceTree = "<group>"; };
		1463334223D65DFD009B58D0 /* SeparatorView.xib */ = {isa = PBXFileReference; lastKnownFileType = file.xib; path = SeparatorView.xib; sourceTree = "<group>"; };
		1463334523D65E8D009B58D0 /* NibView.swift */ = {isa = PBXFileReference; lastKnownFileType = sourcecode.swift; path = NibView.swift; sourceTree = "<group>"; };
		1463334823D65F18009B58D0 /* GradientType.swift */ = {isa = PBXFileReference; lastKnownFileType = sourcecode.swift; path = GradientType.swift; sourceTree = "<group>"; };
		1463334B23D65F2B009B58D0 /* GradientDirection.swift */ = {isa = PBXFileReference; lastKnownFileType = sourcecode.swift; path = GradientDirection.swift; sourceTree = "<group>"; };
		1463334D23D65F37009B58D0 /* Gradient.swift */ = {isa = PBXFileReference; lastKnownFileType = sourcecode.swift; path = Gradient.swift; sourceTree = "<group>"; };
		1463334F23D65F45009B58D0 /* GradientView.swift */ = {isa = PBXFileReference; lastKnownFileType = sourcecode.swift; path = GradientView.swift; sourceTree = "<group>"; };
		1463335223D65FCF009B58D0 /* CharacterView.swift */ = {isa = PBXFileReference; lastKnownFileType = sourcecode.swift; path = CharacterView.swift; sourceTree = "<group>"; };
		1463335423D65FE6009B58D0 /* CharacterView.xib */ = {isa = PBXFileReference; lastKnownFileType = file.xib; path = CharacterView.xib; sourceTree = "<group>"; };
		1463335623D66021009B58D0 /* CodeTextField.swift */ = {isa = PBXFileReference; lastKnownFileType = sourcecode.swift; path = CodeTextField.swift; sourceTree = "<group>"; };
		1463335823D66048009B58D0 /* CodeTextField.xib */ = {isa = PBXFileReference; lastKnownFileType = file.xib; path = CodeTextField.xib; sourceTree = "<group>"; };
		1463335B23D66096009B58D0 /* KeyboardController.swift */ = {isa = PBXFileReference; lastKnownFileType = sourcecode.swift; path = KeyboardController.swift; sourceTree = "<group>"; };
		1463335D23D660C9009B58D0 /* IBDrawable.swift */ = {isa = PBXFileReference; lastKnownFileType = sourcecode.swift; path = IBDrawable.swift; sourceTree = "<group>"; };
		1463335F23D66122009B58D0 /* Section.swift */ = {isa = PBXFileReference; lastKnownFileType = sourcecode.swift; path = Section.swift; sourceTree = "<group>"; };
		1463336223D6615D009B58D0 /* CGRect+Offsets.swift */ = {isa = PBXFileReference; lastKnownFileType = sourcecode.swift; path = "CGRect+Offsets.swift"; sourceTree = "<group>"; };
		1463336423D661C9009B58D0 /* Array+Hex.swift */ = {isa = PBXFileReference; lastKnownFileType = sourcecode.swift; path = "Array+Hex.swift"; sourceTree = "<group>"; };
		1463336623D661E5009B58D0 /* Array+Unique.swift */ = {isa = PBXFileReference; lastKnownFileType = sourcecode.swift; path = "Array+Unique.swift"; sourceTree = "<group>"; };
		1463336823D66210009B58D0 /* CharacterSet+Sets.swift */ = {isa = PBXFileReference; lastKnownFileType = sourcecode.swift; path = "CharacterSet+Sets.swift"; sourceTree = "<group>"; };
		1463336A23D66235009B58D0 /* Data+Hash.swift */ = {isa = PBXFileReference; lastKnownFileType = sourcecode.swift; path = "Data+Hash.swift"; sourceTree = "<group>"; };
		1463336C23D66251009B58D0 /* NSAttributedString+Attachment.swift */ = {isa = PBXFileReference; lastKnownFileType = sourcecode.swift; path = "NSAttributedString+Attachment.swift"; sourceTree = "<group>"; };
		1463336E23D66271009B58D0 /* String+Separated.swift */ = {isa = PBXFileReference; lastKnownFileType = sourcecode.swift; path = "String+Separated.swift"; sourceTree = "<group>"; };
		1463337023D662B6009B58D0 /* UITableView+Dequeue.swift */ = {isa = PBXFileReference; fileEncoding = 4; lastKnownFileType = sourcecode.swift; path = "UITableView+Dequeue.swift"; sourceTree = "<group>"; };
		1463337123D662B6009B58D0 /* UIView+Shadow.swift */ = {isa = PBXFileReference; fileEncoding = 4; lastKnownFileType = sourcecode.swift; path = "UIView+Shadow.swift"; sourceTree = "<group>"; };
		1463337223D662B6009B58D0 /* UIColor+Hex.swift */ = {isa = PBXFileReference; fileEncoding = 4; lastKnownFileType = sourcecode.swift; path = "UIColor+Hex.swift"; sourceTree = "<group>"; };
		1463337323D662B6009B58D0 /* UIImage+Blur.swift */ = {isa = PBXFileReference; fileEncoding = 4; lastKnownFileType = sourcecode.swift; path = "UIImage+Blur.swift"; sourceTree = "<group>"; };
		1463337423D662B6009B58D0 /* UIImage+Resize.swift */ = {isa = PBXFileReference; fileEncoding = 4; lastKnownFileType = sourcecode.swift; path = "UIImage+Resize.swift"; sourceTree = "<group>"; };
		1463337523D662B6009B58D0 /* UIView+Round.swift */ = {isa = PBXFileReference; fileEncoding = 4; lastKnownFileType = sourcecode.swift; path = "UIView+Round.swift"; sourceTree = "<group>"; };
		1463337623D662B6009B58D0 /* UINavigationItem+BackTitle.swift */ = {isa = PBXFileReference; fileEncoding = 4; lastKnownFileType = sourcecode.swift; path = "UINavigationItem+BackTitle.swift"; sourceTree = "<group>"; };
		1463337723D662B6009B58D0 /* UIImage+Color.swift */ = {isa = PBXFileReference; fileEncoding = 4; lastKnownFileType = sourcecode.swift; path = "UIImage+Color.swift"; sourceTree = "<group>"; };
		1463337823D662B7009B58D0 /* UICollectionView+Dequeue.swift */ = {isa = PBXFileReference; fileEncoding = 4; lastKnownFileType = sourcecode.swift; path = "UICollectionView+Dequeue.swift"; sourceTree = "<group>"; };
		1463337923D662B7009B58D0 /* UITableView+Register.swift */ = {isa = PBXFileReference; fileEncoding = 4; lastKnownFileType = sourcecode.swift; path = "UITableView+Register.swift"; sourceTree = "<group>"; };
		1463337A23D662B7009B58D0 /* UIView+Border.swift */ = {isa = PBXFileReference; fileEncoding = 4; lastKnownFileType = sourcecode.swift; path = "UIView+Border.swift"; sourceTree = "<group>"; };
		1463337B23D662B7009B58D0 /* UIImage+TintColor.swift */ = {isa = PBXFileReference; fileEncoding = 4; lastKnownFileType = sourcecode.swift; path = "UIImage+TintColor.swift"; sourceTree = "<group>"; };
		1463337C23D662B7009B58D0 /* UICollectionView+Register.swift */ = {isa = PBXFileReference; fileEncoding = 4; lastKnownFileType = sourcecode.swift; path = "UICollectionView+Register.swift"; sourceTree = "<group>"; };
		1463337D23D662B7009B58D0 /* UITextView+NumberOfLines.swift */ = {isa = PBXFileReference; fileEncoding = 4; lastKnownFileType = sourcecode.swift; path = "UITextView+NumberOfLines.swift"; sourceTree = "<group>"; };
		1463337E23D662B7009B58D0 /* UIView+Capture.swift */ = {isa = PBXFileReference; fileEncoding = 4; lastKnownFileType = sourcecode.swift; path = "UIView+Capture.swift"; sourceTree = "<group>"; };
		146333A123D6643B009B58D0 /* Kindable.swift */ = {isa = PBXFileReference; lastKnownFileType = sourcecode.swift; path = Kindable.swift; sourceTree = "<group>"; };
		14DA938523C80E24009ABFD5 /* Extend.framework */ = {isa = PBXFileReference; explicitFileType = wrapper.framework; includeInIndex = 0; path = Extend.framework; sourceTree = BUILT_PRODUCTS_DIR; };
		14DA938823C80E24009ABFD5 /* Extend.h */ = {isa = PBXFileReference; lastKnownFileType = sourcecode.c.h; path = Extend.h; sourceTree = "<group>"; };
		14DA938923C80E24009ABFD5 /* Info.plist */ = {isa = PBXFileReference; lastKnownFileType = text.plist.xml; path = Info.plist; sourceTree = "<group>"; };
		14DA93CD23CD3D1A009ABFD5 /* Config.xcconfig */ = {isa = PBXFileReference; lastKnownFileType = text.xcconfig; path = Config.xcconfig; sourceTree = "<group>"; };
		14DA93CE23CD3D27009ABFD5 /* Debug.xcconfig */ = {isa = PBXFileReference; lastKnownFileType = text.xcconfig; path = Debug.xcconfig; sourceTree = "<group>"; };
		14DA93CF23CD3D2F009ABFD5 /* Release.xcconfig */ = {isa = PBXFileReference; lastKnownFileType = text.xcconfig; path = Release.xcconfig; sourceTree = "<group>"; };
		14DA93D123CD3DA9009ABFD5 /* Reusable.swift */ = {isa = PBXFileReference; lastKnownFileType = sourcecode.swift; path = Reusable.swift; sourceTree = "<group>"; };
		14DA93D723CD3E93009ABFD5 /* NSObject+ClassName.swift */ = {isa = PBXFileReference; lastKnownFileType = sourcecode.swift; path = "NSObject+ClassName.swift"; sourceTree = "<group>"; };
		14DA93D923CD3EFE009ABFD5 /* String+Regex.swift */ = {isa = PBXFileReference; lastKnownFileType = sourcecode.swift; path = "String+Regex.swift"; sourceTree = "<group>"; };
		14DA93DB23CD4434009ABFD5 /* NibRepresentable.swift */ = {isa = PBXFileReference; lastKnownFileType = sourcecode.swift; path = NibRepresentable.swift; sourceTree = "<group>"; };
		14DA93DD23CD452E009ABFD5 /* NibLoadable.swift */ = {isa = PBXFileReference; lastKnownFileType = sourcecode.swift; path = NibLoadable.swift; sourceTree = "<group>"; };
		14DA93DF23CD46EA009ABFD5 /* NibReusable.swift */ = {isa = PBXFileReference; lastKnownFileType = sourcecode.swift; path = NibReusable.swift; sourceTree = "<group>"; };
		14DA93E123CD4854009ABFD5 /* Then.swift */ = {isa = PBXFileReference; lastKnownFileType = sourcecode.swift; path = Then.swift; sourceTree = "<group>"; };
		14DA93E323CD48D6009ABFD5 /* ClosureAction.swift */ = {isa = PBXFileReference; lastKnownFileType = sourcecode.swift; path = ClosureAction.swift; sourceTree = "<group>"; };
/* End PBXFileReference section */

/* Begin PBXFrameworksBuildPhase section */
		14DA938223C80E24009ABFD5 /* Frameworks */ = {
			isa = PBXFrameworksBuildPhase;
			buildActionMask = 2147483647;
			files = (
			);
			runOnlyForDeploymentPostprocessing = 0;
		};
/* End PBXFrameworksBuildPhase section */

/* Begin PBXGroup section */
		141EF69F244E338A00B1CBD2 /* Helpers */ = {
			isa = PBXGroup;
			children = (
				141EF6A0244E33A500B1CBD2 /* CountFormatter.swift */,
			);
			path = Helpers;
			sourceTree = "<group>";
		};
		141EF6DA2453A27E00B1CBD2 /* New Group */ = {
			isa = PBXGroup;
			children = (
			);
			path = "New Group";
			sourceTree = "<group>";
		};
		141EF6DB2453A2B100B1CBD2 /* Diff */ = {
			isa = PBXGroup;
			children = (
				141EF6E02453A2D000B1CBD2 /* Collection+Diff.swift */,
				141EF6DE2453A2D000B1CBD2 /* Collection+Section.swift */,
				141EF6DF2453A2D000B1CBD2 /* Diff.swift */,
				141EF6DD2453A2D000B1CBD2 /* UITableView+Diff.swift */,
			);
			path = Diff;
			sourceTree = "<group>";
		};
		1463333823D659FD009B58D0 /* Views */ = {
			isa = PBXGroup;
			children = (
				1463335123D65FBF009B58D0 /* CodeTextField */,
				1463334723D65F09009B58D0 /* GradientView */,
				1463334423D65E84009B58D0 /* NibView */,
				1463333F23D65DA9009B58D0 /* SeparatorView */,
				1463333C23D65A5E009B58D0 /* TextField */,
				1463333923D65A1A009B58D0 /* TextView */,
			);
			path = Views;
			sourceTree = "<group>";
		};
		1463333923D65A1A009B58D0 /* TextView */ = {
			isa = PBXGroup;
			children = (
				1463333A23D65A26009B58D0 /* TextView.swift */,
			);
			path = TextView;
			sourceTree = "<group>";
		};
		1463333C23D65A5E009B58D0 /* TextField */ = {
			isa = PBXGroup;
			children = (
				1463333D23D65A69009B58D0 /* TextField.swift */,
			);
			path = TextField;
			sourceTree = "<group>";
		};
		1463333F23D65DA9009B58D0 /* SeparatorView */ = {
			isa = PBXGroup;
			children = (
				1463334023D65DBA009B58D0 /* SeparatorView.swift */,
				1463334223D65DFD009B58D0 /* SeparatorView.xib */,
			);
			path = SeparatorView;
			sourceTree = "<group>";
		};
		1463334423D65E84009B58D0 /* NibView */ = {
			isa = PBXGroup;
			children = (
				1463334523D65E8D009B58D0 /* NibView.swift */,
			);
			path = NibView;
			sourceTree = "<group>";
		};
		1463334723D65F09009B58D0 /* GradientView */ = {
			isa = PBXGroup;
			children = (
				1463334823D65F18009B58D0 /* GradientType.swift */,
				1463334B23D65F2B009B58D0 /* GradientDirection.swift */,
				1463334D23D65F37009B58D0 /* Gradient.swift */,
				1463334F23D65F45009B58D0 /* GradientView.swift */,
			);
			path = GradientView;
			sourceTree = "<group>";
		};
		1463335123D65FBF009B58D0 /* CodeTextField */ = {
			isa = PBXGroup;
			children = (
				1463335223D65FCF009B58D0 /* CharacterView.swift */,
				1463335423D65FE6009B58D0 /* CharacterView.xib */,
				1463335623D66021009B58D0 /* CodeTextField.swift */,
				1463335823D66048009B58D0 /* CodeTextField.xib */,
			);
			path = CodeTextField;
			sourceTree = "<group>";
		};
		1463335A23D66080009B58D0 /* Controllers */ = {
			isa = PBXGroup;
			children = (
				1463335B23D66096009B58D0 /* KeyboardController.swift */,
			);
			path = Controllers;
			sourceTree = "<group>";
		};
		1463336123D66141009B58D0 /* CoreGraphics */ = {
			isa = PBXGroup;
			children = (
				1463336223D6615D009B58D0 /* CGRect+Offsets.swift */,
			);
			path = CoreGraphics;
			sourceTree = "<group>";
		};
		14DA937B23C80E24009ABFD5 = {
			isa = PBXGroup;
			children = (
				14DA938723C80E24009ABFD5 /* Extend */,
				14DA938623C80E24009ABFD5 /* Products */,
			);
			sourceTree = "<group>";
		};
		14DA938623C80E24009ABFD5 /* Products */ = {
			isa = PBXGroup;
			children = (
				14DA938523C80E24009ABFD5 /* Extend.framework */,
			);
			name = Products;
			sourceTree = "<group>";
		};
		14DA938723C80E24009ABFD5 /* Extend */ = {
			isa = PBXGroup;
			children = (
				141EF6DB2453A2B100B1CBD2 /* Diff */,
				141EF6DA2453A27E00B1CBD2 /* New Group */,
				14DA93D323CD3E36009ABFD5 /* Extensions */,
				14DA93D023CD3D8D009ABFD5 /* Protocols */,
				141EF69F244E338A00B1CBD2 /* Helpers */,
				1463333823D659FD009B58D0 /* Views */,
				1463335A23D66080009B58D0 /* Controllers */,
				14DA93CC23CD3CF2009ABFD5 /* Support Files */,
			);
			path = Extend;
			sourceTree = "<group>";
		};
		14DA93CC23CD3CF2009ABFD5 /* Support Files */ = {
			isa = PBXGroup;
			children = (
				14DA938823C80E24009ABFD5 /* Extend.h */,
				14DA938923C80E24009ABFD5 /* Info.plist */,
				14DA93CD23CD3D1A009ABFD5 /* Config.xcconfig */,
				14DA93CE23CD3D27009ABFD5 /* Debug.xcconfig */,
				14DA93CF23CD3D2F009ABFD5 /* Release.xcconfig */,
			);
			path = "Support Files";
			sourceTree = "<group>";
		};
		14DA93D023CD3D8D009ABFD5 /* Protocols */ = {
			isa = PBXGroup;
			children = (
				1463335D23D660C9009B58D0 /* IBDrawable.swift */,
				14DA93D123CD3DA9009ABFD5 /* Reusable.swift */,
				14DA93DB23CD4434009ABFD5 /* NibRepresentable.swift */,
				14DA93DF23CD46EA009ABFD5 /* NibReusable.swift */,
				14DA93DD23CD452E009ABFD5 /* NibLoadable.swift */,
				14DA93E123CD4854009ABFD5 /* Then.swift */,
				14DA93E323CD48D6009ABFD5 /* ClosureAction.swift */,
				1463335F23D66122009B58D0 /* Section.swift */,
				146333A123D6643B009B58D0 /* Kindable.swift */,
			);
			path = Protocols;
			sourceTree = "<group>";
		};
		14DA93D323CD3E36009ABFD5 /* Extensions */ = {
			isa = PBXGroup;
			children = (
				1463336123D66141009B58D0 /* CoreGraphics */,
				14DA93D623CD3E80009ABFD5 /* NSObject */,
				14DA93D523CD3E53009ABFD5 /* Foundation */,
				14DA93D423CD3E4F009ABFD5 /* UIKit */,
			);
			path = Extensions;
			sourceTree = "<group>";
		};
		14DA93D423CD3E4F009ABFD5 /* UIKit */ = {
			isa = PBXGroup;
			children = (
				1463337823D662B7009B58D0 /* UICollectionView+Dequeue.swift */,
				1463337C23D662B7009B58D0 /* UICollectionView+Register.swift */,
				1463337223D662B6009B58D0 /* UIColor+Hex.swift */,
				1463337323D662B6009B58D0 /* UIImage+Blur.swift */,
				1463337723D662B6009B58D0 /* UIImage+Color.swift */,
				1463337423D662B6009B58D0 /* UIImage+Resize.swift */,
				1463337B23D662B7009B58D0 /* UIImage+TintColor.swift */,
				1463337623D662B6009B58D0 /* UINavigationItem+BackTitle.swift */,
				1463337023D662B6009B58D0 /* UITableView+Dequeue.swift */,
				1463337923D662B7009B58D0 /* UITableView+Register.swift */,
				1463337D23D662B7009B58D0 /* UITextView+NumberOfLines.swift */,
				1463337A23D662B7009B58D0 /* UIView+Border.swift */,
				1463337E23D662B7009B58D0 /* UIView+Capture.swift */,
				1463337523D662B6009B58D0 /* UIView+Round.swift */,
				1463337123D662B6009B58D0 /* UIView+Shadow.swift */,
			);
			path = UIKit;
			sourceTree = "<group>";
		};
		14DA93D523CD3E53009ABFD5 /* Foundation */ = {
			isa = PBXGroup;
			children = (
				1463336423D661C9009B58D0 /* Array+Hex.swift */,
				1463336623D661E5009B58D0 /* Array+Unique.swift */,
				1463336823D66210009B58D0 /* CharacterSet+Sets.swift */,
				1463336A23D66235009B58D0 /* Data+Hash.swift */,
				1463336C23D66251009B58D0 /* NSAttributedString+Attachment.swift */,
				14DA93D923CD3EFE009ABFD5 /* String+Regex.swift */,
				1463336E23D66271009B58D0 /* String+Separated.swift */,
			);
			path = Foundation;
			sourceTree = "<group>";
		};
		14DA93D623CD3E80009ABFD5 /* NSObject */ = {
			isa = PBXGroup;
			children = (
				14DA93D723CD3E93009ABFD5 /* NSObject+ClassName.swift */,
			);
			path = NSObject;
			sourceTree = "<group>";
		};
/* End PBXGroup section */

/* Begin PBXHeadersBuildPhase section */
		14DA938023C80E24009ABFD5 /* Headers */ = {
			isa = PBXHeadersBuildPhase;
			buildActionMask = 2147483647;
			files = (
				14DA938A23C80E24009ABFD5 /* Extend.h in Headers */,
			);
			runOnlyForDeploymentPostprocessing = 0;
		};
/* End PBXHeadersBuildPhase section */

/* Begin PBXNativeTarget section */
		14DA938423C80E24009ABFD5 /* Extend */ = {
			isa = PBXNativeTarget;
			buildConfigurationList = 14DA938D23C80E24009ABFD5 /* Build configuration list for PBXNativeTarget "Extend" */;
			buildPhases = (
				14DA938023C80E24009ABFD5 /* Headers */,
				14DA938123C80E24009ABFD5 /* Sources */,
				14DA938223C80E24009ABFD5 /* Frameworks */,
				14DA938323C80E24009ABFD5 /* Resources */,
			);
			buildRules = (
			);
			dependencies = (
			);
			name = Extend;
			productName = Extend;
			productReference = 14DA938523C80E24009ABFD5 /* Extend.framework */;
			productType = "com.apple.product-type.framework";
		};
/* End PBXNativeTarget section */

/* Begin PBXProject section */
		14DA937C23C80E24009ABFD5 /* Project object */ = {
			isa = PBXProject;
			attributes = {
				LastUpgradeCheck = 1130;
				ORGANIZATIONNAME = "Roman Derevianko";
				TargetAttributes = {
					14DA938423C80E24009ABFD5 = {
						CreatedOnToolsVersion = 11.3;
						LastSwiftMigration = 1130;
					};
				};
			};
			buildConfigurationList = 14DA937F23C80E24009ABFD5 /* Build configuration list for PBXProject "Extend" */;
			compatibilityVersion = "Xcode 9.3";
			developmentRegion = en;
			hasScannedForEncodings = 0;
			knownRegions = (
				en,
				Base,
			);
			mainGroup = 14DA937B23C80E24009ABFD5;
			productRefGroup = 14DA938623C80E24009ABFD5 /* Products */;
			projectDirPath = "";
			projectRoot = "";
			targets = (
				14DA938423C80E24009ABFD5 /* Extend */,
			);
		};
/* End PBXProject section */

/* Begin PBXResourcesBuildPhase section */
		14DA938323C80E24009ABFD5 /* Resources */ = {
			isa = PBXResourcesBuildPhase;
			buildActionMask = 2147483647;
			files = (
				1463335523D65FE6009B58D0 /* CharacterView.xib in Resources */,
				1463335923D66048009B58D0 /* CodeTextField.xib in Resources */,
				1463334323D65DFD009B58D0 /* SeparatorView.xib in Resources */,
			);
			runOnlyForDeploymentPostprocessing = 0;
		};
/* End PBXResourcesBuildPhase section */

/* Begin PBXSourcesBuildPhase section */
		14DA938123C80E24009ABFD5 /* Sources */ = {
			isa = PBXSourcesBuildPhase;
			buildActionMask = 2147483647;
			files = (
				1463336323D6615D009B58D0 /* CGRect+Offsets.swift in Sources */,
				1463338523D662B8009B58D0 /* UINavigationItem+BackTitle.swift in Sources */,
				1463338923D662B8009B58D0 /* UIView+Border.swift in Sources */,
				1463334123D65DBA009B58D0 /* SeparatorView.swift in Sources */,
				14DA93D223CD3DA9009ABFD5 /* Reusable.swift in Sources */,
				14DA93E423CD48D6009ABFD5 /* ClosureAction.swift in Sources */,
				1463336023D66122009B58D0 /* Section.swift in Sources */,
				1463337F23D662B7009B58D0 /* UITableView+Dequeue.swift in Sources */,
				14DA93D823CD3E93009ABFD5 /* NSObject+ClassName.swift in Sources */,
				1463338D23D662B8009B58D0 /* UIView+Capture.swift in Sources */,
				1463338C23D662B8009B58D0 /* UITextView+NumberOfLines.swift in Sources */,
				1463336723D661E5009B58D0 /* Array+Unique.swift in Sources */,
				1463335723D66021009B58D0 /* CodeTextField.swift in Sources */,
				1463336F23D66271009B58D0 /* String+Separated.swift in Sources */,
				1463335323D65FCF009B58D0 /* CharacterView.swift in Sources */,
				1463333E23D65A69009B58D0 /* TextField.swift in Sources */,
				1463338123D662B7009B58D0 /* UIColor+Hex.swift in Sources */,
				1463338823D662B8009B58D0 /* UITableView+Register.swift in Sources */,
				141EF6A1244E33A500B1CBD2 /* CountFormatter.swift in Sources */,
				1463334E23D65F37009B58D0 /* Gradient.swift in Sources */,
				1463338223D662B8009B58D0 /* UIImage+Blur.swift in Sources */,
				1463336B23D66235009B58D0 /* Data+Hash.swift in Sources */,
				1463335023D65F45009B58D0 /* GradientView.swift in Sources */,
				141EF6E52453A2D100B1CBD2 /* Collection+Diff.swift in Sources */,
				1463336923D66211009B58D0 /* CharacterSet+Sets.swift in Sources */,
				1463338023D662B7009B58D0 /* UIView+Shadow.swift in Sources */,
				1463338B23D662B8009B58D0 /* UICollectionView+Register.swift in Sources */,
				14DA93DC23CD4434009ABFD5 /* NibRepresentable.swift in Sources */,
				14DA93E023CD46EA009ABFD5 /* NibReusable.swift in Sources */,
				14DA93DE23CD452E009ABFD5 /* NibLoadable.swift in Sources */,
				1463336D23D66251009B58D0 /* NSAttributedString+Attachment.swift in Sources */,
				141EF6E32453A2D100B1CBD2 /* Collection+Section.swift in Sources */,
				1463338423D662B8009B58D0 /* UIView+Round.swift in Sources */,
				1463336523D661C9009B58D0 /* Array+Hex.swift in Sources */,
				1463335C23D66096009B58D0 /* KeyboardController.swift in Sources */,
				141EF6E42453A2D100B1CBD2 /* Diff.swift in Sources */,
				141EF6E22453A2D100B1CBD2 /* UITableView+Diff.swift in Sources */,
				1463334923D65F18009B58D0 /* GradientType.swift in Sources */,
				1463338323D662B8009B58D0 /* UIImage+Resize.swift in Sources */,
				1463338623D662B8009B58D0 /* UIImage+Color.swift in Sources */,
				1463334623D65E8D009B58D0 /* NibView.swift in Sources */,
				1463333B23D65A26009B58D0 /* TextView.swift in Sources */,
				1463338723D662B8009B58D0 /* UICollectionView+Dequeue.swift in Sources */,
				1463335E23D660C9009B58D0 /* IBDrawable.swift in Sources */,
				1463338A23D662B8009B58D0 /* UIImage+TintColor.swift in Sources */,
				1463334C23D65F2B009B58D0 /* GradientDirection.swift in Sources */,
				14DA93DA23CD3EFE009ABFD5 /* String+Regex.swift in Sources */,
				14DA93E223CD4854009ABFD5 /* Then.swift in Sources */,
				146333A223D6643B009B58D0 /* Kindable.swift in Sources */,
			);
			runOnlyForDeploymentPostprocessing = 0;
		};
/* End PBXSourcesBuildPhase section */

/* Begin XCBuildConfiguration section */
		14DA938B23C80E24009ABFD5 /* Debug */ = {
			isa = XCBuildConfiguration;
			buildSettings = {
				ALWAYS_SEARCH_USER_PATHS = NO;
				CLANG_ANALYZER_NONNULL = YES;
				CLANG_ANALYZER_NUMBER_OBJECT_CONVERSION = YES_AGGRESSIVE;
				CLANG_CXX_LANGUAGE_STANDARD = "gnu++14";
				CLANG_CXX_LIBRARY = "libc++";
				CLANG_ENABLE_MODULES = YES;
				CLANG_ENABLE_OBJC_ARC = YES;
				CLANG_ENABLE_OBJC_WEAK = YES;
				CLANG_WARN_BLOCK_CAPTURE_AUTORELEASING = YES;
				CLANG_WARN_BOOL_CONVERSION = YES;
				CLANG_WARN_COMMA = YES;
				CLANG_WARN_CONSTANT_CONVERSION = YES;
				CLANG_WARN_DEPRECATED_OBJC_IMPLEMENTATIONS = YES;
				CLANG_WARN_DIRECT_OBJC_ISA_USAGE = YES_ERROR;
				CLANG_WARN_DOCUMENTATION_COMMENTS = YES;
				CLANG_WARN_EMPTY_BODY = YES;
				CLANG_WARN_ENUM_CONVERSION = YES;
				CLANG_WARN_INFINITE_RECURSION = YES;
				CLANG_WARN_INT_CONVERSION = YES;
				CLANG_WARN_NON_LITERAL_NULL_CONVERSION = YES;
				CLANG_WARN_OBJC_IMPLICIT_RETAIN_SELF = YES;
				CLANG_WARN_OBJC_LITERAL_CONVERSION = YES;
				CLANG_WARN_OBJC_ROOT_CLASS = YES_ERROR;
				CLANG_WARN_RANGE_LOOP_ANALYSIS = YES;
				CLANG_WARN_STRICT_PROTOTYPES = YES;
				CLANG_WARN_SUSPICIOUS_MOVE = YES;
				CLANG_WARN_UNGUARDED_AVAILABILITY = YES_AGGRESSIVE;
				CLANG_WARN_UNREACHABLE_CODE = YES;
				CLANG_WARN__DUPLICATE_METHOD_MATCH = YES;
				COPY_PHASE_STRIP = NO;
				CURRENT_PROJECT_VERSION = 1;
				DEBUG_INFORMATION_FORMAT = dwarf;
				ENABLE_STRICT_OBJC_MSGSEND = YES;
				ENABLE_TESTABILITY = YES;
				GCC_C_LANGUAGE_STANDARD = gnu11;
				GCC_DYNAMIC_NO_PIC = NO;
				GCC_NO_COMMON_BLOCKS = YES;
				GCC_OPTIMIZATION_LEVEL = 0;
				GCC_PREPROCESSOR_DEFINITIONS = (
					"DEBUG=1",
					"$(inherited)",
				);
				GCC_WARN_64_TO_32_BIT_CONVERSION = YES;
				GCC_WARN_ABOUT_RETURN_TYPE = YES_ERROR;
				GCC_WARN_UNDECLARED_SELECTOR = YES;
				GCC_WARN_UNINITIALIZED_AUTOS = YES_AGGRESSIVE;
				GCC_WARN_UNUSED_FUNCTION = YES;
				GCC_WARN_UNUSED_VARIABLE = YES;
				IPHONEOS_DEPLOYMENT_TARGET = 12.0;
				MTL_ENABLE_DEBUG_INFO = INCLUDE_SOURCE;
				MTL_FAST_MATH = YES;
				ONLY_ACTIVE_ARCH = YES;
				SDKROOT = iphoneos;
				SWIFT_ACTIVE_COMPILATION_CONDITIONS = DEBUG;
				SWIFT_OPTIMIZATION_LEVEL = "-Onone";
				VERSIONING_SYSTEM = "apple-generic";
				VERSION_INFO_PREFIX = "";
			};
			name = Debug;
		};
		14DA938C23C80E24009ABFD5 /* Release */ = {
			isa = XCBuildConfiguration;
			buildSettings = {
				ALWAYS_SEARCH_USER_PATHS = NO;
				CLANG_ANALYZER_NONNULL = YES;
				CLANG_ANALYZER_NUMBER_OBJECT_CONVERSION = YES_AGGRESSIVE;
				CLANG_CXX_LANGUAGE_STANDARD = "gnu++14";
				CLANG_CXX_LIBRARY = "libc++";
				CLANG_ENABLE_MODULES = YES;
				CLANG_ENABLE_OBJC_ARC = YES;
				CLANG_ENABLE_OBJC_WEAK = YES;
				CLANG_WARN_BLOCK_CAPTURE_AUTORELEASING = YES;
				CLANG_WARN_BOOL_CONVERSION = YES;
				CLANG_WARN_COMMA = YES;
				CLANG_WARN_CONSTANT_CONVERSION = YES;
				CLANG_WARN_DEPRECATED_OBJC_IMPLEMENTATIONS = YES;
				CLANG_WARN_DIRECT_OBJC_ISA_USAGE = YES_ERROR;
				CLANG_WARN_DOCUMENTATION_COMMENTS = YES;
				CLANG_WARN_EMPTY_BODY = YES;
				CLANG_WARN_ENUM_CONVERSION = YES;
				CLANG_WARN_INFINITE_RECURSION = YES;
				CLANG_WARN_INT_CONVERSION = YES;
				CLANG_WARN_NON_LITERAL_NULL_CONVERSION = YES;
				CLANG_WARN_OBJC_IMPLICIT_RETAIN_SELF = YES;
				CLANG_WARN_OBJC_LITERAL_CONVERSION = YES;
				CLANG_WARN_OBJC_ROOT_CLASS = YES_ERROR;
				CLANG_WARN_RANGE_LOOP_ANALYSIS = YES;
				CLANG_WARN_STRICT_PROTOTYPES = YES;
				CLANG_WARN_SUSPICIOUS_MOVE = YES;
				CLANG_WARN_UNGUARDED_AVAILABILITY = YES_AGGRESSIVE;
				CLANG_WARN_UNREACHABLE_CODE = YES;
				CLANG_WARN__DUPLICATE_METHOD_MATCH = YES;
				COPY_PHASE_STRIP = NO;
				CURRENT_PROJECT_VERSION = 1;
				DEBUG_INFORMATION_FORMAT = "dwarf-with-dsym";
				ENABLE_NS_ASSERTIONS = NO;
				ENABLE_STRICT_OBJC_MSGSEND = YES;
				GCC_C_LANGUAGE_STANDARD = gnu11;
				GCC_NO_COMMON_BLOCKS = YES;
				GCC_WARN_64_TO_32_BIT_CONVERSION = YES;
				GCC_WARN_ABOUT_RETURN_TYPE = YES_ERROR;
				GCC_WARN_UNDECLARED_SELECTOR = YES;
				GCC_WARN_UNINITIALIZED_AUTOS = YES_AGGRESSIVE;
				GCC_WARN_UNUSED_FUNCTION = YES;
				GCC_WARN_UNUSED_VARIABLE = YES;
				IPHONEOS_DEPLOYMENT_TARGET = 12.0;
				MTL_ENABLE_DEBUG_INFO = NO;
				MTL_FAST_MATH = YES;
				SDKROOT = iphoneos;
				SWIFT_COMPILATION_MODE = wholemodule;
				SWIFT_OPTIMIZATION_LEVEL = "-O";
				VALIDATE_PRODUCT = YES;
				VERSIONING_SYSTEM = "apple-generic";
				VERSION_INFO_PREFIX = "";
			};
			name = Release;
		};
		14DA938E23C80E24009ABFD5 /* Debug */ = {
			isa = XCBuildConfiguration;
			baseConfigurationReference = 14DA93CE23CD3D27009ABFD5 /* Debug.xcconfig */;
			buildSettings = {
				CLANG_ENABLE_MODULES = YES;
				CODE_SIGN_STYLE = Automatic;
				DEFINES_MODULE = YES;
				DEVELOPMENT_TEAM = 373DZN6SDK;
				DYLIB_COMPATIBILITY_VERSION = 1;
				DYLIB_CURRENT_VERSION = 1;
				DYLIB_INSTALL_NAME_BASE = "@rpath";
				INFOPLIST_FILE = "$(SRCROOT)/Extend/Support Files/Info.plist";
				INSTALL_PATH = "$(LOCAL_LIBRARY_DIR)/Frameworks";
				LD_RUNPATH_SEARCH_PATHS = (
					"$(inherited)",
					"@executable_path/Frameworks",
					"@loader_path/Frameworks",
				);
				PRODUCT_BUNDLE_IDENTIFIER = com.prlion.extend;
				PRODUCT_NAME = "$(TARGET_NAME:c99extidentifier)";
				SKIP_INSTALL = YES;
				SWIFT_OPTIMIZATION_LEVEL = "-Onone";
				SWIFT_VERSION = 5.0;
				TARGETED_DEVICE_FAMILY = "1,2";
			};
			name = Debug;
		};
		14DA938F23C80E24009ABFD5 /* Release */ = {
			isa = XCBuildConfiguration;
			baseConfigurationReference = 14DA93CF23CD3D2F009ABFD5 /* Release.xcconfig */;
			buildSettings = {
				CLANG_ENABLE_MODULES = YES;
				CODE_SIGN_STYLE = Automatic;
				DEFINES_MODULE = YES;
				DEVELOPMENT_TEAM = 373DZN6SDK;
				DYLIB_COMPATIBILITY_VERSION = 1;
				DYLIB_CURRENT_VERSION = 1;
				DYLIB_INSTALL_NAME_BASE = "@rpath";
				INFOPLIST_FILE = "$(SRCROOT)/Extend/Support Files/Info.plist";
				INSTALL_PATH = "$(LOCAL_LIBRARY_DIR)/Frameworks";
				LD_RUNPATH_SEARCH_PATHS = (
					"$(inherited)",
					"@executable_path/Frameworks",
					"@loader_path/Frameworks",
				);
				PRODUCT_BUNDLE_IDENTIFIER = com.prlion.extend;
				PRODUCT_NAME = "$(TARGET_NAME:c99extidentifier)";
				SKIP_INSTALL = YES;
				SWIFT_VERSION = 5.0;
				TARGETED_DEVICE_FAMILY = "1,2";
			};
			name = Release;
		};
/* End XCBuildConfiguration section */

/* Begin XCConfigurationList section */
		14DA937F23C80E24009ABFD5 /* Build configuration list for PBXProject "Extend" */ = {
			isa = XCConfigurationList;
			buildConfigurations = (
				14DA938B23C80E24009ABFD5 /* Debug */,
				14DA938C23C80E24009ABFD5 /* Release */,
			);
			defaultConfigurationIsVisible = 0;
			defaultConfigurationName = Release;
		};
		14DA938D23C80E24009ABFD5 /* Build configuration list for PBXNativeTarget "Extend" */ = {
			isa = XCConfigurationList;
			buildConfigurations = (
				14DA938E23C80E24009ABFD5 /* Debug */,
				14DA938F23C80E24009ABFD5 /* Release */,
			);
			defaultConfigurationIsVisible = 0;
			defaultConfigurationName = Release;
		};
/* End XCConfigurationList section */
	};
	rootObject = 14DA937C23C80E24009ABFD5 /* Project object */;
}
